
Microsoft Visual Studio Solution File, Format Version 12.00
# Visual Studio Version 17
VisualStudioVersion = 17.0.31903.59
MinimumVisualStudioVersion = 10.0.40219.1
Project("{9A19103F-16F7-4668-BE54-9A1E7A4F7556}") = "GermanLuteTabHelper", "GermanLuteTabHelper\GermanLuteTabHelper.csproj", "{A0923F25-23C4-4991-AAB2-A4B80A0B7115}"
EndProject
Global
	GlobalSection(SolutionConfigurationPlatforms) = preSolution
		Debug|Any CPU = Debug|Any CPU
		Release|Any CPU = Release|Any CPU
	EndGlobalSection
	GlobalSection(ProjectConfigurationPlatforms) = postSolution
		{A0923F25-23C4-4991-AAB2-A4B80A0B7115}.Debug|Any CPU.ActiveCfg = Debug|Any CPU
		{A0923F25-23C4-4991-AAB2-A4B80A0B7115}.Debug|Any CPU.Build.0 = Debug|Any CPU
		{A0923F25-23C4-4991-AAB2-A4B80A0B7115}.Release|Any CPU.ActiveCfg = Release|Any CPU
		{A0923F25-23C4-4991-AAB2-A4B80A0B7115}.Release|Any CPU.Build.0 = Release|Any CPU
	EndGlobalSection
	GlobalSection(SolutionProperties) = preSolution
		HideSolutionNode = FALSE
	EndGlobalSection
	GlobalSection(ExtensibilityGlobals) = postSolution
		SolutionGuid = {3D5A583B-23F4-4B29-B0B0-8E6029C06D52}
	EndGlobalSection
EndGlobal
